// !$*UTF8*$!
{
	archiveVersion = 1;
	classes = {
	};
	objectVersion = 50;
	objects = {

/* Begin PBXBuildFile section */
		144AC8FD22256B3A00D58D64 /* main.cpp in Sources */ = {isa = PBXBuildFile; fileRef = 144AC8FC22256B3A00D58D64 /* main.cpp */; };
		144AC90822256C3D00D58D64 /* main.cpp in Sources */ = {isa = PBXBuildFile; fileRef = 144AC90722256C3D00D58D64 /* main.cpp */; };
		144AC91322257AC300D58D64 /* main.cpp in Sources */ = {isa = PBXBuildFile; fileRef = 144AC91222257AC300D58D64 /* main.cpp */; };
		144AC91E222590A300D58D64 /* main.cpp in Sources */ = {isa = PBXBuildFile; fileRef = 144AC91D222590A300D58D64 /* main.cpp */; };
		144AC9292225B34F00D58D64 /* main.cpp in Sources */ = {isa = PBXBuildFile; fileRef = 144AC9282225B34F00D58D64 /* main.cpp */; };
		144AC9342226499800D58D64 /* main.cpp in Sources */ = {isa = PBXBuildFile; fileRef = 144AC9332226499800D58D64 /* main.cpp */; };
		144AC93F2226B5B500D58D64 /* main.cpp in Sources */ = {isa = PBXBuildFile; fileRef = 144AC93E2226B5B500D58D64 /* main.cpp */; };
		147BD46F22253019008434BD /* main.cpp in Sources */ = {isa = PBXBuildFile; fileRef = 147BD46E22253019008434BD /* main.cpp */; };
		147BD48522254BB6008434BD /* main.cpp in Sources */ = {isa = PBXBuildFile; fileRef = 147BD48422254BB6008434BD /* main.cpp */; };
/* End PBXBuildFile section */

/* Begin PBXCopyFilesBuildPhase section */
		144AC8F822256B3A00D58D64 /* CopyFiles */ = {
			isa = PBXCopyFilesBuildPhase;
			buildActionMask = 2147483647;
			dstPath = /usr/share/man/man1/;
			dstSubfolderSpec = 0;
			files = (
			);
			runOnlyForDeploymentPostprocessing = 1;
		};
		144AC90322256C3D00D58D64 /* CopyFiles */ = {
			isa = PBXCopyFilesBuildPhase;
			buildActionMask = 2147483647;
			dstPath = /usr/share/man/man1/;
			dstSubfolderSpec = 0;
			files = (
			);
			runOnlyForDeploymentPostprocessing = 1;
		};
		144AC90E22257AC300D58D64 /* CopyFiles */ = {
			isa = PBXCopyFilesBuildPhase;
			buildActionMask = 2147483647;
			dstPath = /usr/share/man/man1/;
			dstSubfolderSpec = 0;
			files = (
			);
			runOnlyForDeploymentPostprocessing = 1;
		};
		144AC919222590A300D58D64 /* CopyFiles */ = {
			isa = PBXCopyFilesBuildPhase;
			buildActionMask = 2147483647;
			dstPath = /usr/share/man/man1/;
			dstSubfolderSpec = 0;
			files = (
			);
			runOnlyForDeploymentPostprocessing = 1;
		};
		144AC9242225B34F00D58D64 /* CopyFiles */ = {
			isa = PBXCopyFilesBuildPhase;
			buildActionMask = 2147483647;
			dstPath = /usr/share/man/man1/;
			dstSubfolderSpec = 0;
			files = (
			);
			runOnlyForDeploymentPostprocessing = 1;
		};
		144AC92F2226499800D58D64 /* CopyFiles */ = {
			isa = PBXCopyFilesBuildPhase;
			buildActionMask = 2147483647;
			dstPath = /usr/share/man/man1/;
			dstSubfolderSpec = 0;
			files = (
			);
			runOnlyForDeploymentPostprocessing = 1;
		};
		144AC93A2226B5B500D58D64 /* CopyFiles */ = {
			isa = PBXCopyFilesBuildPhase;
			buildActionMask = 2147483647;
			dstPath = /usr/share/man/man1/;
			dstSubfolderSpec = 0;
			files = (
			);
			runOnlyForDeploymentPostprocessing = 1;
		};
		147BD46922253019008434BD /* CopyFiles */ = {
			isa = PBXCopyFilesBuildPhase;
			buildActionMask = 2147483647;
			dstPath = /usr/share/man/man1/;
			dstSubfolderSpec = 0;
			files = (
			);
			runOnlyForDeploymentPostprocessing = 1;
		};
		147BD48022254BB6008434BD /* CopyFiles */ = {
			isa = PBXCopyFilesBuildPhase;
			buildActionMask = 2147483647;
			dstPath = /usr/share/man/man1/;
			dstSubfolderSpec = 0;
			files = (
			);
			runOnlyForDeploymentPostprocessing = 1;
		};
		147BD48B222553BB008434BD /* CopyFiles */ = {
			isa = PBXCopyFilesBuildPhase;
			buildActionMask = 2147483647;
			dstPath = /usr/share/man/man1/;
			dstSubfolderSpec = 0;
			files = (
			);
			runOnlyForDeploymentPostprocessing = 1;
		};
/* End PBXCopyFilesBuildPhase section */

/* Begin PBXFileReference section */
		144AC8FA22256B3A00D58D64 /* math_include */ = {isa = PBXFileReference; explicitFileType = "compiled.mach-o.executable"; includeInIndex = 0; path = math_include; sourceTree = BUILT_PRODUCTS_DIR; };
		144AC8FC22256B3A00D58D64 /* main.cpp */ = {isa = PBXFileReference; lastKnownFileType = sourcecode.cpp.cpp; path = main.cpp; sourceTree = "<group>"; };
		144AC90522256C3D00D58D64 /* rand_num */ = {isa = PBXFileReference; explicitFileType = "compiled.mach-o.executable"; includeInIndex = 0; path = rand_num; sourceTree = BUILT_PRODUCTS_DIR; };
		144AC90722256C3D00D58D64 /* main.cpp */ = {isa = PBXFileReference; lastKnownFileType = sourcecode.cpp.cpp; path = main.cpp; sourceTree = "<group>"; };
		144AC91022257AC300D58D64 /* array_indicator */ = {isa = PBXFileReference; explicitFileType = "compiled.mach-o.executable"; includeInIndex = 0; path = array_indicator; sourceTree = BUILT_PRODUCTS_DIR; };
		144AC91222257AC300D58D64 /* main.cpp */ = {isa = PBXFileReference; lastKnownFileType = sourcecode.cpp.cpp; path = main.cpp; sourceTree = "<group>"; };
		144AC91B222590A300D58D64 /* indicator */ = {isa = PBXFileReference; explicitFileType = "compiled.mach-o.executable"; includeInIndex = 0; path = indicator; sourceTree = BUILT_PRODUCTS_DIR; };
		144AC91D222590A300D58D64 /* main.cpp */ = {isa = PBXFileReference; lastKnownFileType = sourcecode.cpp.cpp; path = main.cpp; sourceTree = "<group>"; };
		144AC9262225B34F00D58D64 /* rank_simple */ = {isa = PBXFileReference; explicitFileType = "compiled.mach-o.executable"; includeInIndex = 0; path = rank_simple; sourceTree = BUILT_PRODUCTS_DIR; };
		144AC9282225B34F00D58D64 /* main.cpp */ = {isa = PBXFileReference; lastKnownFileType = sourcecode.cpp.cpp; path = main.cpp; sourceTree = "<group>"; };
		144AC9312226499800D58D64 /* struct */ = {isa = PBXFileReference; explicitFileType = "compiled.mach-o.executable"; includeInIndex = 0; path = struct; sourceTree = BUILT_PRODUCTS_DIR; };
		144AC9332226499800D58D64 /* main.cpp */ = {isa = PBXFileReference; lastKnownFileType = sourcecode.cpp.cpp; path = main.cpp; sourceTree = "<group>"; };
		144AC93C2226B5B500D58D64 /* heap */ = {isa = PBXFileReference; explicitFileType = "compiled.mach-o.executable"; includeInIndex = 0; path = heap; sourceTree = BUILT_PRODUCTS_DIR; };
		144AC93E2226B5B500D58D64 /* main.cpp */ = {isa = PBXFileReference; lastKnownFileType = sourcecode.cpp.cpp; path = main.cpp; sourceTree = "<group>"; };
		147BD46B22253019008434BD /* c_demo */ = {isa = PBXFileReference; explicitFileType = "compiled.mach-o.executable"; includeInIndex = 0; path = c_demo; sourceTree = BUILT_PRODUCTS_DIR; };
		147BD46E22253019008434BD /* main.cpp */ = {isa = PBXFileReference; lastKnownFileType = sourcecode.cpp.cpp; path = main.cpp; sourceTree = "<group>"; };
		147BD48222254BB6008434BD /* data_type */ = {isa = PBXFileReference; explicitFileType = "compiled.mach-o.executable"; includeInIndex = 0; path = data_type; sourceTree = BUILT_PRODUCTS_DIR; };
		147BD48422254BB6008434BD /* main.cpp */ = {isa = PBXFileReference; lastKnownFileType = sourcecode.cpp.cpp; path = main.cpp; sourceTree = "<group>"; };
		147BD48D222553BB008434BD /* rank_test */ = {isa = PBXFileReference; explicitFileType = "compiled.mach-o.executable"; includeInIndex = 0; path = rank_test; sourceTree = BUILT_PRODUCTS_DIR; };
/* End PBXFileReference section */

/* Begin PBXFrameworksBuildPhase section */
		144AC8F722256B3A00D58D64 /* Frameworks */ = {
			isa = PBXFrameworksBuildPhase;
			buildActionMask = 2147483647;
			files = (
			);
			runOnlyForDeploymentPostprocessing = 0;
		};
		144AC90222256C3D00D58D64 /* Frameworks */ = {
			isa = PBXFrameworksBuildPhase;
			buildActionMask = 2147483647;
			files = (
			);
			runOnlyForDeploymentPostprocessing = 0;
		};
		144AC90D22257AC300D58D64 /* Frameworks */ = {
			isa = PBXFrameworksBuildPhase;
			buildActionMask = 2147483647;
			files = (
			);
			runOnlyForDeploymentPostprocessing = 0;
		};
		144AC918222590A300D58D64 /* Frameworks */ = {
			isa = PBXFrameworksBuildPhase;
			buildActionMask = 2147483647;
			files = (
			);
			runOnlyForDeploymentPostprocessing = 0;
		};
		144AC9232225B34F00D58D64 /* Frameworks */ = {
			isa = PBXFrameworksBuildPhase;
			buildActionMask = 2147483647;
			files = (
			);
			runOnlyForDeploymentPostprocessing = 0;
		};
		144AC92E2226499800D58D64 /* Frameworks */ = {
			isa = PBXFrameworksBuildPhase;
			buildActionMask = 2147483647;
			files = (
			);
			runOnlyForDeploymentPostprocessing = 0;
		};
		144AC9392226B5B500D58D64 /* Frameworks */ = {
			isa = PBXFrameworksBuildPhase;
			buildActionMask = 2147483647;
			files = (
			);
			runOnlyForDeploymentPostprocessing = 0;
		};
		147BD46822253019008434BD /* Frameworks */ = {
			isa = PBXFrameworksBuildPhase;
			buildActionMask = 2147483647;
			files = (
			);
			runOnlyForDeploymentPostprocessing = 0;
		};
		147BD47F22254BB6008434BD /* Frameworks */ = {
			isa = PBXFrameworksBuildPhase;
			buildActionMask = 2147483647;
			files = (
			);
			runOnlyForDeploymentPostprocessing = 0;
		};
		147BD48A222553BB008434BD /* Frameworks */ = {
			isa = PBXFrameworksBuildPhase;
			buildActionMask = 2147483647;
			files = (
			);
			runOnlyForDeploymentPostprocessing = 0;
		};
/* End PBXFrameworksBuildPhase section */

/* Begin PBXGroup section */
		144AC8FB22256B3A00D58D64 /* math_include */ = {
			isa = PBXGroup;
			children = (
				144AC8FC22256B3A00D58D64 /* main.cpp */,
			);
			path = math_include;
			sourceTree = "<group>";
		};
		144AC90622256C3D00D58D64 /* rand_num */ = {
			isa = PBXGroup;
			children = (
				144AC90722256C3D00D58D64 /* main.cpp */,
			);
			path = rand_num;
			sourceTree = "<group>";
		};
		144AC91122257AC300D58D64 /* array_indicator */ = {
			isa = PBXGroup;
			children = (
				144AC91222257AC300D58D64 /* main.cpp */,
			);
			path = array_indicator;
			sourceTree = "<group>";
		};
		144AC91C222590A300D58D64 /* indicator */ = {
			isa = PBXGroup;
			children = (
				144AC91D222590A300D58D64 /* main.cpp */,
			);
			path = indicator;
			sourceTree = "<group>";
		};
		144AC9272225B34F00D58D64 /* rank_simple */ = {
			isa = PBXGroup;
			children = (
				144AC9282225B34F00D58D64 /* main.cpp */,
			);
			path = rank_simple;
			sourceTree = "<group>";
		};
		144AC9322226499800D58D64 /* struct */ = {
			isa = PBXGroup;
			children = (
				144AC9332226499800D58D64 /* main.cpp */,
			);
			path = struct;
			sourceTree = "<group>";
		};
		144AC93D2226B5B500D58D64 /* heap */ = {
			isa = PBXGroup;
			children = (
				144AC93E2226B5B500D58D64 /* main.cpp */,
			);
			path = heap;
			sourceTree = "<group>";
		};
		147BD46222253019008434BD = {
			isa = PBXGroup;
			children = (
				147BD46D22253019008434BD /* c_demo */,
				147BD48322254BB6008434BD /* data_type */,
				144AC8FB22256B3A00D58D64 /* math_include */,
				144AC90622256C3D00D58D64 /* rand_num */,
				144AC91122257AC300D58D64 /* array_indicator */,
				144AC91C222590A300D58D64 /* indicator */,
				144AC9272225B34F00D58D64 /* rank_simple */,
				144AC9322226499800D58D64 /* struct */,
				144AC93D2226B5B500D58D64 /* heap */,
				147BD46C22253019008434BD /* Products */,
			);
			sourceTree = "<group>";
		};
		147BD46C22253019008434BD /* Products */ = {
			isa = PBXGroup;
			children = (
				147BD46B22253019008434BD /* c_demo */,
				147BD48222254BB6008434BD /* data_type */,
				147BD48D222553BB008434BD /* rank_test */,
				144AC8FA22256B3A00D58D64 /* math_include */,
				144AC90522256C3D00D58D64 /* rand_num */,
				144AC91022257AC300D58D64 /* array_indicator */,
				144AC91B222590A300D58D64 /* indicator */,
				144AC9262225B34F00D58D64 /* rank_simple */,
				144AC9312226499800D58D64 /* struct */,
				144AC93C2226B5B500D58D64 /* heap */,
			);
			name = Products;
			sourceTree = "<group>";
		};
		147BD46D22253019008434BD /* c_demo */ = {
			isa = PBXGroup;
			children = (
				147BD46E22253019008434BD /* main.cpp */,
			);
			path = c_demo;
			sourceTree = "<group>";
		};
		147BD48322254BB6008434BD /* data_type */ = {
			isa = PBXGroup;
			children = (
				147BD48422254BB6008434BD /* main.cpp */,
			);
			path = data_type;
			sourceTree = "<group>";
		};
/* End PBXGroup section */

/* Begin PBXNativeTarget section */
		144AC8F922256B3A00D58D64 /* math_include */ = {
			isa = PBXNativeTarget;
			buildConfigurationList = 144AC90022256B3A00D58D64 /* Build configuration list for PBXNativeTarget "math_include" */;
			buildPhases = (
				144AC8F622256B3A00D58D64 /* Sources */,
				144AC8F722256B3A00D58D64 /* Frameworks */,
				144AC8F822256B3A00D58D64 /* CopyFiles */,
			);
			buildRules = (
			);
			dependencies = (
			);
			name = math_include;
			productName = math_include;
			productReference = 144AC8FA22256B3A00D58D64 /* math_include */;
			productType = "com.apple.product-type.tool";
		};
		144AC90422256C3D00D58D64 /* rand_num */ = {
			isa = PBXNativeTarget;
			buildConfigurationList = 144AC90922256C3D00D58D64 /* Build configuration list for PBXNativeTarget "rand_num" */;
			buildPhases = (
				144AC90122256C3D00D58D64 /* Sources */,
				144AC90222256C3D00D58D64 /* Frameworks */,
				144AC90322256C3D00D58D64 /* CopyFiles */,
			);
			buildRules = (
			);
			dependencies = (
			);
			name = rand_num;
			productName = rand_num;
			productReference = 144AC90522256C3D00D58D64 /* rand_num */;
			productType = "com.apple.product-type.tool";
		};
		144AC90F22257AC300D58D64 /* array_indicator */ = {
			isa = PBXNativeTarget;
			buildConfigurationList = 144AC91422257AC300D58D64 /* Build configuration list for PBXNativeTarget "array_indicator" */;
			buildPhases = (
				144AC90C22257AC300D58D64 /* Sources */,
				144AC90D22257AC300D58D64 /* Frameworks */,
				144AC90E22257AC300D58D64 /* CopyFiles */,
			);
			buildRules = (
			);
			dependencies = (
			);
			name = array_indicator;
			productName = array_indicator;
			productReference = 144AC91022257AC300D58D64 /* array_indicator */;
			productType = "com.apple.product-type.tool";
		};
		144AC91A222590A300D58D64 /* indicator */ = {
			isa = PBXNativeTarget;
			buildConfigurationList = 144AC91F222590A300D58D64 /* Build configuration list for PBXNativeTarget "indicator" */;
			buildPhases = (
				144AC917222590A300D58D64 /* Sources */,
				144AC918222590A300D58D64 /* Frameworks */,
				144AC919222590A300D58D64 /* CopyFiles */,
			);
			buildRules = (
			);
			dependencies = (
			);
			name = indicator;
			productName = indicator;
			productReference = 144AC91B222590A300D58D64 /* indicator */;
			productType = "com.apple.product-type.tool";
		};
		144AC9252225B34F00D58D64 /* rank_simple */ = {
			isa = PBXNativeTarget;
			buildConfigurationList = 144AC92A2225B34F00D58D64 /* Build configuration list for PBXNativeTarget "rank_simple" */;
			buildPhases = (
				144AC9222225B34F00D58D64 /* Sources */,
				144AC9232225B34F00D58D64 /* Frameworks */,
				144AC9242225B34F00D58D64 /* CopyFiles */,
			);
			buildRules = (
			);
			dependencies = (
			);
			name = rank_simple;
			productName = rank_simple;
			productReference = 144AC9262225B34F00D58D64 /* rank_simple */;
			productType = "com.apple.product-type.tool";
		};
		144AC9302226499800D58D64 /* struct */ = {
			isa = PBXNativeTarget;
			buildConfigurationList = 144AC9352226499800D58D64 /* Build configuration list for PBXNativeTarget "struct" */;
			buildPhases = (
				144AC92D2226499800D58D64 /* Sources */,
				144AC92E2226499800D58D64 /* Frameworks */,
				144AC92F2226499800D58D64 /* CopyFiles */,
			);
			buildRules = (
			);
			dependencies = (
			);
			name = struct;
			productName = struct;
			productReference = 144AC9312226499800D58D64 /* struct */;
			productType = "com.apple.product-type.tool";
		};
		144AC93B2226B5B500D58D64 /* heap */ = {
			isa = PBXNativeTarget;
			buildConfigurationList = 144AC9402226B5B500D58D64 /* Build configuration list for PBXNativeTarget "heap" */;
			buildPhases = (
				144AC9382226B5B500D58D64 /* Sources */,
				144AC9392226B5B500D58D64 /* Frameworks */,
				144AC93A2226B5B500D58D64 /* CopyFiles */,
			);
			buildRules = (
			);
			dependencies = (
			);
			name = heap;
			productName = heap;
			productReference = 144AC93C2226B5B500D58D64 /* heap */;
			productType = "com.apple.product-type.tool";
		};
		147BD46A22253019008434BD /* c_demo */ = {
			isa = PBXNativeTarget;
			buildConfigurationList = 147BD47222253019008434BD /* Build configuration list for PBXNativeTarget "c_demo" */;
			buildPhases = (
				147BD46722253019008434BD /* Sources */,
				147BD46822253019008434BD /* Frameworks */,
				147BD46922253019008434BD /* CopyFiles */,
			);
			buildRules = (
			);
			dependencies = (
			);
			name = c_demo;
			productName = c_demo;
			productReference = 147BD46B22253019008434BD /* c_demo */;
			productType = "com.apple.product-type.tool";
		};
		147BD48122254BB6008434BD /* data_type */ = {
			isa = PBXNativeTarget;
			buildConfigurationList = 147BD48622254BB6008434BD /* Build configuration list for PBXNativeTarget "data_type" */;
			buildPhases = (
				147BD47E22254BB6008434BD /* Sources */,
				147BD47F22254BB6008434BD /* Frameworks */,
				147BD48022254BB6008434BD /* CopyFiles */,
			);
			buildRules = (
			);
			dependencies = (
			);
			name = data_type;
			productName = data_type;
			productReference = 147BD48222254BB6008434BD /* data_type */;
			productType = "com.apple.product-type.tool";
		};
		147BD48C222553BB008434BD /* rank_test */ = {
			isa = PBXNativeTarget;
			buildConfigurationList = 147BD491222553BB008434BD /* Build configuration list for PBXNativeTarget "rank_test" */;
			buildPhases = (
				147BD489222553BB008434BD /* Sources */,
				147BD48A222553BB008434BD /* Frameworks */,
				147BD48B222553BB008434BD /* CopyFiles */,
			);
			buildRules = (
			);
			dependencies = (
			);
			name = rank_test;
			productName = rank_test;
			productReference = 147BD48D222553BB008434BD /* rank_test */;
			productType = "com.apple.product-type.tool";
		};
/* End PBXNativeTarget section */

/* Begin PBXProject section */
		147BD46322253019008434BD /* Project object */ = {
			isa = PBXProject;
			attributes = {
				LastUpgradeCheck = 1010;
				ORGANIZATIONNAME = "Sean Yang";
				TargetAttributes = {
					144AC8F922256B3A00D58D64 = {
						CreatedOnToolsVersion = 10.1;
					};
					144AC90422256C3D00D58D64 = {
						CreatedOnToolsVersion = 10.1;
					};
					144AC90F22257AC300D58D64 = {
						CreatedOnToolsVersion = 10.1;
					};
					144AC91A222590A300D58D64 = {
						CreatedOnToolsVersion = 10.1;
					};
					144AC9252225B34F00D58D64 = {
						CreatedOnToolsVersion = 10.1;
					};
					144AC9302226499800D58D64 = {
						CreatedOnToolsVersion = 10.1;
					};
					144AC93B2226B5B500D58D64 = {
						CreatedOnToolsVersion = 10.1;
					};
					147BD46A22253019008434BD = {
						CreatedOnToolsVersion = 10.1;
					};
					147BD48122254BB6008434BD = {
						CreatedOnToolsVersion = 10.1;
					};
					147BD48C222553BB008434BD = {
						CreatedOnToolsVersion = 10.1;
					};
				};
			};
			buildConfigurationList = 147BD46622253019008434BD /* Build configuration list for PBXProject "c_demo" */;
			compatibilityVersion = "Xcode 9.3";
			developmentRegion = en;
			hasScannedForEncodings = 0;
			knownRegions = (
				en,
			);
			mainGroup = 147BD46222253019008434BD;
			productRefGroup = 147BD46C22253019008434BD /* Products */;
			projectDirPath = "";
			projectRoot = "";
			targets = (
				147BD46A22253019008434BD /* c_demo */,
				147BD48122254BB6008434BD /* data_type */,
				147BD48C222553BB008434BD /* rank_test */,
				144AC8F922256B3A00D58D64 /* math_include */,
				144AC90422256C3D00D58D64 /* rand_num */,
				144AC90F22257AC300D58D64 /* array_indicator */,
				144AC91A222590A300D58D64 /* indicator */,
				144AC9252225B34F00D58D64 /* rank_simple */,
				144AC9302226499800D58D64 /* struct */,
				144AC93B2226B5B500D58D64 /* heap */,
			);
		};
/* End PBXProject section */

/* Begin PBXSourcesBuildPhase section */
		144AC8F622256B3A00D58D64 /* Sources */ = {
			isa = PBXSourcesBuildPhase;
			buildActionMask = 2147483647;
			files = (
				144AC8FD22256B3A00D58D64 /* main.cpp in Sources */,
			);
			runOnlyForDeploymentPostprocessing = 0;
		};
		144AC90122256C3D00D58D64 /* Sources */ = {
			isa = PBXSourcesBuildPhase;
			buildActionMask = 2147483647;
			files = (
				144AC90822256C3D00D58D64 /* main.cpp in Sources */,
			);
			runOnlyForDeploymentPostprocessing = 0;
		};
		144AC90C22257AC300D58D64 /* Sources */ = {
			isa = PBXSourcesBuildPhase;
			buildActionMask = 2147483647;
			files = (
				144AC91322257AC300D58D64 /* main.cpp in Sources */,
			);
			runOnlyForDeploymentPostprocessing = 0;
		};
		144AC917222590A300D58D64 /* Sources */ = {
			isa = PBXSourcesBuildPhase;
			buildActionMask = 2147483647;
			files = (
				144AC91E222590A300D58D64 /* main.cpp in Sources */,
			);
			runOnlyForDeploymentPostprocessing = 0;
		};
		144AC9222225B34F00D58D64 /* Sources */ = {
			isa = PBXSourcesBuildPhase;
			buildActionMask = 2147483647;
			files = (
				144AC9292225B34F00D58D64 /* main.cpp in Sources */,
			);
			runOnlyForDeploymentPostprocessing = 0;
		};
		144AC92D2226499800D58D64 /* Sources */ = {
			isa = PBXSourcesBuildPhase;
			buildActionMask = 2147483647;
			files = (
				144AC9342226499800D58D64 /* main.cpp in Sources */,
			);
			runOnlyForDeploymentPostprocessing = 0;
		};
		144AC9382226B5B500D58D64 /* Sources */ = {
			isa = PBXSourcesBuildPhase;
			buildActionMask = 2147483647;
			files = (
				144AC93F2226B5B500D58D64 /* main.cpp in Sources */,
			);
			runOnlyForDeploymentPostprocessing = 0;
		};
		147BD46722253019008434BD /* Sources */ = {
			isa = PBXSourcesBuildPhase;
			buildActionMask = 2147483647;
			files = (
				147BD46F22253019008434BD /* main.cpp in Sources */,
			);
			runOnlyForDeploymentPostprocessing = 0;
		};
		147BD47E22254BB6008434BD /* Sources */ = {
			isa = PBXSourcesBuildPhase;
			buildActionMask = 2147483647;
			files = (
				147BD48522254BB6008434BD /* main.cpp in Sources */,
			);
			runOnlyForDeploymentPostprocessing = 0;
		};
		147BD489222553BB008434BD /* Sources */ = {
			isa = PBXSourcesBuildPhase;
			buildActionMask = 2147483647;
			files = (
			);
			runOnlyForDeploymentPostprocessing = 0;
		};
/* End PBXSourcesBuildPhase section */

/* Begin XCBuildConfiguration section */
		144AC8FE22256B3A00D58D64 /* Debug */ = {
			isa = XCBuildConfiguration;
			buildSettings = {
				CODE_SIGN_STYLE = Automatic;
				PRODUCT_NAME = "$(TARGET_NAME)";
			};
			name = Debug;
		};
		144AC8FF22256B3A00D58D64 /* Release */ = {
			isa = XCBuildConfiguration;
			buildSettings = {
				CODE_SIGN_STYLE = Automatic;
				PRODUCT_NAME = "$(TARGET_NAME)";
			};
			name = Release;
		};
		144AC90A22256C3D00D58D64 /* Debug */ = {
			isa = XCBuildConfiguration;
			buildSettings = {
				CODE_SIGN_STYLE = Automatic;
				PRODUCT_NAME = "$(TARGET_NAME)";
			};
			name = Debug;
		};
		144AC90B22256C3D00D58D64 /* Release */ = {
			isa = XCBuildConfiguration;
			buildSettings = {
				CODE_SIGN_STYLE = Automatic;
				PRODUCT_NAME = "$(TARGET_NAME)";
			};
			name = Release;
		};
		144AC91522257AC300D58D64 /* Debug */ = {
			isa = XCBuildConfiguration;
			buildSettings = {
				CODE_SIGN_STYLE = Automatic;
				PRODUCT_NAME = "$(TARGET_NAME)";
			};
			name = Debug;
		};
		144AC91622257AC300D58D64 /* Release */ = {
			isa = XCBuildConfiguration;
			buildSettings = {
				CODE_SIGN_STYLE = Automatic;
				PRODUCT_NAME = "$(TARGET_NAME)";
			};
			name = Release;
		};
		144AC920222590A300D58D64 /* Debug */ = {
			isa = XCBuildConfiguration;
			buildSettings = {
				CODE_SIGN_STYLE = Automatic;
				PRODUCT_NAME = "$(TARGET_NAME)";
			};
			name = Debug;
		};
		144AC921222590A300D58D64 /* Release */ = {
			isa = XCBuildConfiguration;
			buildSettings = {
				CODE_SIGN_STYLE = Automatic;
				PRODUCT_NAME = "$(TARGET_NAME)";
			};
			name = Release;
		};
		144AC92B2225B34F00D58D64 /* Debug */ = {
			isa = XCBuildConfiguration;
			buildSettings = {
				CODE_SIGN_STYLE = Automatic;
				PRODUCT_NAME = "$(TARGET_NAME)";
			};
			name = Debug;
		};
		144AC92C2225B34F00D58D64 /* Release */ = {
			isa = XCBuildConfiguration;
			buildSettings = {
				CODE_SIGN_STYLE = Automatic;
				PRODUCT_NAME = "$(TARGET_NAME)";
			};
			name = Release;
		};
		144AC9362226499800D58D64 /* Debug */ = {
			isa = XCBuildConfiguration;
			buildSettings = {
				CODE_SIGN_STYLE = Automatic;
				PRODUCT_NAME = "$(TARGET_NAME)";
			};
			name = Debug;
		};
		144AC9372226499800D58D64 /* Release */ = {
			isa = XCBuildConfiguration;
			buildSettings = {
				CODE_SIGN_STYLE = Automatic;
				PRODUCT_NAME = "$(TARGET_NAME)";
			};
			name = Release;
		};
		144AC9412226B5B500D58D64 /* Debug */ = {
			isa = XCBuildConfiguration;
			buildSettings = {
				CODE_SIGN_STYLE = Automatic;
				PRODUCT_NAME = "$(TARGET_NAME)";
			};
			name = Debug;
		};
		144AC9422226B5B500D58D64 /* Release */ = {
			isa = XCBuildConfiguration;
			buildSettings = {
				CODE_SIGN_STYLE = Automatic;
				PRODUCT_NAME = "$(TARGET_NAME)";
			};
			name = Release;
		};
		147BD47022253019008434BD /* Debug */ = {
			isa = XCBuildConfiguration;
			buildSettings = {
				ALWAYS_SEARCH_USER_PATHS = NO;
				CLANG_ANALYZER_NONNULL = YES;
				CLANG_ANALYZER_NUMBER_OBJECT_CONVERSION = YES_AGGRESSIVE;
				CLANG_CXX_LANGUAGE_STANDARD = "gnu++14";
				CLANG_CXX_LIBRARY = "libc++";
				CLANG_ENABLE_MODULES = YES;
				CLANG_ENABLE_OBJC_ARC = YES;
				CLANG_ENABLE_OBJC_WEAK = YES;
				CLANG_WARN_BLOCK_CAPTURE_AUTORELEASING = YES;
				CLANG_WARN_BOOL_CONVERSION = YES;
				CLANG_WARN_COMMA = YES;
				CLANG_WARN_CONSTANT_CONVERSION = YES;
				CLANG_WARN_DEPRECATED_OBJC_IMPLEMENTATIONS = YES;
				CLANG_WARN_DIRECT_OBJC_ISA_USAGE = YES_ERROR;
				CLANG_WARN_DOCUMENTATION_COMMENTS = YES;
				CLANG_WARN_EMPTY_BODY = YES;
				CLANG_WARN_ENUM_CONVERSION = YES;
				CLANG_WARN_INFINITE_RECURSION = YES;
				CLANG_WARN_INT_CONVERSION = YES;
				CLANG_WARN_NON_LITERAL_NULL_CONVERSION = YES;
				CLANG_WARN_OBJC_IMPLICIT_RETAIN_SELF = YES;
				CLANG_WARN_OBJC_LITERAL_CONVERSION = YES;
				CLANG_WARN_OBJC_ROOT_CLASS = YES_ERROR;
				CLANG_WARN_RANGE_LOOP_ANALYSIS = YES;
				CLANG_WARN_STRICT_PROTOTYPES = YES;
				CLANG_WARN_SUSPICIOUS_MOVE = YES;
				CLANG_WARN_UNGUARDED_AVAILABILITY = YES_AGGRESSIVE;
				CLANG_WARN_UNREACHABLE_CODE = YES;
				CLANG_WARN__DUPLICATE_METHOD_MATCH = YES;
				CODE_SIGN_IDENTITY = "-";
				COPY_PHASE_STRIP = NO;
				DEBUG_INFORMATION_FORMAT = dwarf;
				ENABLE_STRICT_OBJC_MSGSEND = YES;
				ENABLE_TESTABILITY = YES;
				GCC_C_LANGUAGE_STANDARD = gnu11;
				GCC_DYNAMIC_NO_PIC = NO;
				GCC_NO_COMMON_BLOCKS = YES;
				GCC_OPTIMIZATION_LEVEL = 0;
				GCC_PREPROCESSOR_DEFINITIONS = (
					"DEBUG=1",
					"$(inherited)",
				);
				GCC_WARN_64_TO_32_BIT_CONVERSION = YES;
				GCC_WARN_ABOUT_RETURN_TYPE = YES_ERROR;
				GCC_WARN_UNDECLARED_SELECTOR = YES;
				GCC_WARN_UNINITIALIZED_AUTOS = YES_AGGRESSIVE;
				GCC_WARN_UNUSED_FUNCTION = YES;
				GCC_WARN_UNUSED_VARIABLE = YES;
				MACOSX_DEPLOYMENT_TARGET = 10.14;
				MTL_ENABLE_DEBUG_INFO = INCLUDE_SOURCE;
				MTL_FAST_MATH = YES;
				ONLY_ACTIVE_ARCH = YES;
				SDKROOT = macosx;
			};
			name = Debug;
		};
		147BD47122253019008434BD /* Release */ = {
			isa = XCBuildConfiguration;
			buildSettings = {
				ALWAYS_SEARCH_USER_PATHS = NO;
				CLANG_ANALYZER_NONNULL = YES;
				CLANG_ANALYZER_NUMBER_OBJECT_CONVERSION = YES_AGGRESSIVE;
				CLANG_CXX_LANGUAGE_STANDARD = "gnu++14";
				CLANG_CXX_LIBRARY = "libc++";
				CLANG_ENABLE_MODULES = YES;
				CLANG_ENABLE_OBJC_ARC = YES;
				CLANG_ENABLE_OBJC_WEAK = YES;
				CLANG_WARN_BLOCK_CAPTURE_AUTORELEASING = YES;
				CLANG_WARN_BOOL_CONVERSION = YES;
				CLANG_WARN_COMMA = YES;
				CLANG_WARN_CONSTANT_CONVERSION = YES;
				CLANG_WARN_DEPRECATED_OBJC_IMPLEMENTATIONS = YES;
				CLANG_WARN_DIRECT_OBJC_ISA_USAGE = YES_ERROR;
				CLANG_WARN_DOCUMENTATION_COMMENTS = YES;
				CLANG_WARN_EMPTY_BODY = YES;
				CLANG_WARN_ENUM_CONVERSION = YES;
				CLANG_WARN_INFINITE_RECURSION = YES;
				CLANG_WARN_INT_CONVERSION = YES;
				CLANG_WARN_NON_LITERAL_NULL_CONVERSION = YES;
				CLANG_WARN_OBJC_IMPLICIT_RETAIN_SELF = YES;
				CLANG_WARN_OBJC_LITERAL_CONVERSION = YES;
				CLANG_WARN_OBJC_ROOT_CLASS = YES_ERROR;
				CLANG_WARN_RANGE_LOOP_ANALYSIS = YES;
				CLANG_WARN_STRICT_PROTOTYPES = YES;
				CLANG_WARN_SUSPICIOUS_MOVE = YES;
				CLANG_WARN_UNGUARDED_AVAILABILITY = YES_AGGRESSIVE;
				CLANG_WARN_UNREACHABLE_CODE = YES;
				CLANG_WARN__DUPLICATE_METHOD_MATCH = YES;
				CODE_SIGN_IDENTITY = "-";
				COPY_PHASE_STRIP = NO;
				DEBUG_INFORMATION_FORMAT = "dwarf-with-dsym";
				ENABLE_NS_ASSERTIONS = NO;
				ENABLE_STRICT_OBJC_MSGSEND = YES;
				GCC_C_LANGUAGE_STANDARD = gnu11;
				GCC_NO_COMMON_BLOCKS = YES;
				GCC_WARN_64_TO_32_BIT_CONVERSION = YES;
				GCC_WARN_ABOUT_RETURN_TYPE = YES_ERROR;
				GCC_WARN_UNDECLARED_SELECTOR = YES;
				GCC_WARN_UNINITIALIZED_AUTOS = YES_AGGRESSIVE;
				GCC_WARN_UNUSED_FUNCTION = YES;
				GCC_WARN_UNUSED_VARIABLE = YES;
				MACOSX_DEPLOYMENT_TARGET = 10.14;
				MTL_ENABLE_DEBUG_INFO = NO;
				MTL_FAST_MATH = YES;
				SDKROOT = macosx;
			};
			name = Release;
		};
		147BD47322253019008434BD /* Debug */ = {
			isa = XCBuildConfiguration;
			buildSettings = {
				CODE_SIGN_STYLE = Automatic;
				PRODUCT_NAME = "$(TARGET_NAME)";
			};
			name = Debug;
		};
		147BD47422253019008434BD /* Release */ = {
			isa = XCBuildConfiguration;
			buildSettings = {
				CODE_SIGN_STYLE = Automatic;
				PRODUCT_NAME = "$(TARGET_NAME)";
			};
			name = Release;
		};
		147BD48722254BB6008434BD /* Debug */ = {
			isa = XCBuildConfiguration;
			buildSettings = {
				CODE_SIGN_STYLE = Automatic;
				PRODUCT_NAME = "$(TARGET_NAME)";
			};
			name = Debug;
		};
		147BD48822254BB6008434BD /* Release */ = {
			isa = XCBuildConfiguration;
			buildSettings = {
				CODE_SIGN_STYLE = Automatic;
				PRODUCT_NAME = "$(TARGET_NAME)";
			};
			name = Release;
		};
		147BD492222553BB008434BD /* Debug */ = {
			isa = XCBuildConfiguration;
			buildSettings = {
				CODE_SIGN_STYLE = Automatic;
				PRODUCT_NAME = "$(TARGET_NAME)";
			};
			name = Debug;
		};
		147BD493222553BB008434BD /* Release */ = {
			isa = XCBuildConfiguration;
			buildSettings = {
				CODE_SIGN_STYLE = Automatic;
				PRODUCT_NAME = "$(TARGET_NAME)";
			};
			name = Release;
		};
/* End XCBuildConfiguration section */

/* Begin XCConfigurationList section */
		144AC90022256B3A00D58D64 /* Build configuration list for PBXNativeTarget "math_include" */ = {
			isa = XCConfigurationList;
			buildConfigurations = (
				144AC8FE22256B3A00D58D64 /* Debug */,
				144AC8FF22256B3A00D58D64 /* Release */,
			);
			defaultConfigurationIsVisible = 0;
			defaultConfigurationName = Release;
		};
		144AC90922256C3D00D58D64 /* Build configuration list for PBXNativeTarget "rand_num" */ = {
			isa = XCConfigurationList;
			buildConfigurations = (
				144AC90A22256C3D00D58D64 /* Debug */,
				144AC90B22256C3D00D58D64 /* Release */,
			);
			defaultConfigurationIsVisible = 0;
			defaultConfigurationName = Release;
		};
		144AC91422257AC300D58D64 /* Build configuration list for PBXNativeTarget "array_indicator" */ = {
			isa = XCConfigurationList;
			buildConfigurations = (
				144AC91522257AC300D58D64 /* Debug */,
				144AC91622257AC300D58D64 /* Release */,
			);
			defaultConfigurationIsVisible = 0;
			defaultConfigurationName = Release;
		};
		144AC91F222590A300D58D64 /* Build configuration list for PBXNativeTarget "indicator" */ = {
			isa = XCConfigurationList;
			buildConfigurations = (
				144AC920222590A300D58D64 /* Debug */,
				144AC921222590A300D58D64 /* Release */,
			);
			defaultConfigurationIsVisible = 0;
			defaultConfigurationName = Release;
		};
		144AC92A2225B34F00D58D64 /* Build configuration list for PBXNativeTarget "rank_simple" */ = {
			isa = XCConfigurationList;
			buildConfigurations = (
				144AC92B2225B34F00D58D64 /* Debug */,
				144AC92C2225B34F00D58D64 /* Release */,
			);
			defaultConfigurationIsVisible = 0;
			defaultConfigurationName = Release;
		};
		144AC9352226499800D58D64 /* Build configuration list for PBXNativeTarget "struct" */ = {
			isa = XCConfigurationList;
			buildConfigurations = (
				144AC9362226499800D58D64 /* Debug */,
				144AC9372226499800D58D64 /* Release */,
			);
			defaultConfigurationIsVisible = 0;
			defaultConfigurationName = Release;
		};
		144AC9402226B5B500D58D64 /* Build configuration list for PBXNativeTarget "heap" */ = {
			isa = XCConfigurationList;
			buildConfigurations = (
				144AC9412226B5B500D58D64 /* Debug */,
				144AC9422226B5B500D58D64 /* Release */,
			);
			defaultConfigurationIsVisible = 0;
			defaultConfigurationName = Release;
		};
		147BD46622253019008434BD /* Build configuration list for PBXProject "c_demo" */ = {
			isa = XCConfigurationList;
			buildConfigurations = (
				147BD47022253019008434BD /* Debug */,
				147BD47122253019008434BD /* Release */,
			);
			defaultConfigurationIsVisible = 0;
			defaultConfigurationName = Release;
		};
		147BD47222253019008434BD /* Build configuration list for PBXNativeTarget "c_demo" */ = {
			isa = XCConfigurationList;
			buildConfigurations = (
				147BD47322253019008434BD /* Debug */,
				147BD47422253019008434BD /* Release */,
			);
			defaultConfigurationIsVisible = 0;
			defaultConfigurationName = Release;
		};
		147BD48622254BB6008434BD /* Build configuration list for PBXNativeTarget "data_type" */ = {
			isa = XCConfigurationList;
			buildConfigurations = (
				147BD48722254BB6008434BD /* Debug */,
				147BD48822254BB6008434BD /* Release */,
			);
			defaultConfigurationIsVisible = 0;
			defaultConfigurationName = Release;
		};
		147BD491222553BB008434BD /* Build configuration list for PBXNativeTarget "rank_test" */ = {
			isa = XCConfigurationList;
			buildConfigurations = (
				147BD492222553BB008434BD /* Debug */,
				147BD493222553BB008434BD /* Release */,
			);
			defaultConfigurationIsVisible = 0;
			defaultConfigurationName = Release;
		};
/* End XCConfigurationList section */
	};
	rootObject = 147BD46322253019008434BD /* Project object */;
}
